
Microsoft Visual Studio Solution File, Format Version 12.00
# Visual Studio Version 16
VisualStudioVersion = 16.0.30523.141
MinimumVisualStudioVersion = 10.0.40219.1
Project("{FAE04EC0-301F-11D3-BF4B-00C04F79EFBC}") = "HungarianAlgorythm", "HungarianAlgorythm\HungarianAlgorythm.csproj", "{917E44F9-E721-4048-99EC-525EAB787B46}"
EndProject
Global
	GlobalSection(SolutionConfigurationPlatforms) = preSolution
		Debug|Any CPU = Debug|Any CPU
		Release|Any CPU = Release|Any CPU
	EndGlobalSection
	GlobalSection(ProjectConfigurationPlatforms) = postSolution
		{917E44F9-E721-4048-99EC-525EAB787B46}.Debug|Any CPU.ActiveCfg = Debug|Any CPU
		{917E44F9-E721-4048-99EC-525EAB787B46}.Debug|Any CPU.Build.0 = Debug|Any CPU
		{917E44F9-E721-4048-99EC-525EAB787B46}.Release|Any CPU.ActiveCfg = Release|Any CPU
		{917E44F9-E721-4048-99EC-525EAB787B46}.Release|Any CPU.Build.0 = Release|Any CPU
	EndGlobalSection
	GlobalSection(SolutionProperties) = preSolution
		HideSolutionNode = FALSE
	EndGlobalSection
	GlobalSection(ExtensibilityGlobals) = postSolution
		SolutionGuid = {80630C38-8AEE-49D5-8FA8-C742777C8FF2}
	EndGlobalSection
EndGlobal
